
Microsoft Visual Studio Solution File, Format Version 12.00
# Visual Studio Version 17
VisualStudioVersion = 17.4.33205.214
MinimumVisualStudioVersion = 10.0.40219.1
Project("{FAE04EC0-301F-11D3-BF4B-00C04F79EFBC}") = "MicrosoftLearning.eShopOnWeb_Test", "MicrosoftLearning.eShopOnWeb_Test\MicrosoftLearning.eShopOnWeb_Test.csproj", "{F332D1C8-07F9-444D-A307-D68D446D8127}"
EndProject
Global
	GlobalSection(SolutionConfigurationPlatforms) = preSolution
		Debug|Any CPU = Debug|Any CPU
		Release|Any CPU = Release|Any CPU
	EndGlobalSection
	GlobalSection(ProjectConfigurationPlatforms) = postSolution
		{F332D1C8-07F9-444D-A307-D68D446D8127}.Debug|Any CPU.ActiveCfg = Debug|Any CPU
		{F332D1C8-07F9-444D-A307-D68D446D8127}.Debug|Any CPU.Build.0 = Debug|Any CPU
		{F332D1C8-07F9-444D-A307-D68D446D8127}.Release|Any CPU.ActiveCfg = Release|Any CPU
		{F332D1C8-07F9-444D-A307-D68D446D8127}.Release|Any CPU.Build.0 = Release|Any CPU
	EndGlobalSection
	GlobalSection(SolutionProperties) = preSolution
		HideSolutionNode = FALSE
	EndGlobalSection
	GlobalSection(ExtensibilityGlobals) = postSolution
		SolutionGuid = {16191E3F-5034-4D97-8E2C-4260C84FFD76}
	EndGlobalSection
EndGlobal
